
Microsoft Visual Studio Solution File, Format Version 12.00
# Visual Studio Version 17
VisualStudioVersion = 17.5.33209.295
MinimumVisualStudioVersion = 10.0.40219.1
Project("{FAE04EC0-301F-11D3-BF4B-00C04F79EFBC}") = "WinFormsApp", "WinFormsApp.csproj", "{DEB42450-492A-4EF4-9A5E-0A5D96957CF7}"
EndProject
Global
	GlobalSection(SolutionConfigurationPlatforms) = preSolution
		Debug|Any CPU = Debug|Any CPU
		Release|Any CPU = Release|Any CPU
	EndGlobalSection
	GlobalSection(ProjectConfigurationPlatforms) = postSolution
		{DEB42450-492A-4EF4-9A5E-0A5D96957CF7}.Debug|Any CPU.ActiveCfg = Debug|Any CPU
		{DEB42450-492A-4EF4-9A5E-0A5D96957CF7}.Debug|Any CPU.Build.0 = Debug|Any CPU
		{DEB42450-492A-4EF4-9A5E-0A5D96957CF7}.Release|Any CPU.ActiveCfg = Release|Any CPU
		{DEB42450-492A-4EF4-9A5E-0A5D96957CF7}.Release|Any CPU.Build.0 = Release|Any CPU
	EndGlobalSection
	GlobalSection(SolutionProperties) = preSolution
		HideSolutionNode = FALSE
	EndGlobalSection
	GlobalSection(ExtensibilityGlobals) = postSolution
		SolutionGuid = {75AE147C-7EA2-40EB-8876-27B7F9FE9C90}
	EndGlobalSection
EndGlobal
