
Microsoft Visual Studio Solution File, Format Version 12.00
# Visual Studio Version 17
VisualStudioVersion = 17.2.32516.85
MinimumVisualStudioVersion = 10.0.40219.1
Project("{FAE04EC0-301F-11D3-BF4B-00C04F79EFBC}") = "myCalibration.Converters", "myCalibration.Converters.csproj", "{42EB472F-3018-4421-94C9-F26EF6EC04B3}"
EndProject
Project("{FAE04EC0-301F-11D3-BF4B-00C04F79EFBC}") = "myCalibration.Converters.Tests", "..\myCalibration.Converters.Tests\myCalibration.Converters.Tests.csproj", "{95E493F0-9772-4A45-B48E-D6FF0CB6B1B3}"
EndProject
Global
	GlobalSection(SolutionConfigurationPlatforms) = preSolution
		Debug|Any CPU = Debug|Any CPU
		Release|Any CPU = Release|Any CPU
	EndGlobalSection
	GlobalSection(ProjectConfigurationPlatforms) = postSolution
		{42EB472F-3018-4421-94C9-F26EF6EC04B3}.Debug|Any CPU.ActiveCfg = Debug|Any CPU
		{42EB472F-3018-4421-94C9-F26EF6EC04B3}.Debug|Any CPU.Build.0 = Debug|Any CPU
		{42EB472F-3018-4421-94C9-F26EF6EC04B3}.Release|Any CPU.ActiveCfg = Release|Any CPU
		{42EB472F-3018-4421-94C9-F26EF6EC04B3}.Release|Any CPU.Build.0 = Release|Any CPU
		{95E493F0-9772-4A45-B48E-D6FF0CB6B1B3}.Debug|Any CPU.ActiveCfg = Debug|Any CPU
		{95E493F0-9772-4A45-B48E-D6FF0CB6B1B3}.Debug|Any CPU.Build.0 = Debug|Any CPU
		{95E493F0-9772-4A45-B48E-D6FF0CB6B1B3}.Release|Any CPU.ActiveCfg = Release|Any CPU
		{95E493F0-9772-4A45-B48E-D6FF0CB6B1B3}.Release|Any CPU.Build.0 = Release|Any CPU
	EndGlobalSection
	GlobalSection(SolutionProperties) = preSolution
		HideSolutionNode = FALSE
	EndGlobalSection
	GlobalSection(ExtensibilityGlobals) = postSolution
		SolutionGuid = {4F9C24C0-56D0-4278-BE7D-85C3516EC194}
	EndGlobalSection
EndGlobal
